// !$*UTF8*$!
{
	archiveVersion = 1;
	classes = {
	};
	objectVersion = 55;
	objects = {

/* Begin PBXFileReference section */
		0000000000000000FE000000 /* HTTPClient.swift */ = {isa = PBXFileReference; lastKnownFileType = sourcecode.swift; path = HTTPClient.swift; sourceTree = "<group>"; };
		0000000000000000FE000001 /* URLSessionManager.swift */ = {isa = PBXFileReference; lastKnownFileType = sourcecode.swift; path = URLSessionManager.swift; sourceTree = "<group>"; };
		0000000000000000FE000002 /* RequestBuilder.swift */ = {isa = PBXFileReference; lastKnownFileType = sourcecode.swift; path = RequestBuilder.swift; sourceTree = "<group>"; };
		0000000000000000FE000003 /* ResponseParser.swift */ = {isa = PBXFileReference; lastKnownFileType = sourcecode.swift; path = ResponseParser.swift; sourceTree = "<group>"; };
		0000000000000000FE000004 /* Database.swift */ = {isa = PBXFileReference; lastKnownFileType = sourcecode.swift; path = Database.swift; sourceTree = "<group>"; };
		0000000000000000FE000005 /* Cache.swift */ = {isa = PBXFileReference; lastKnownFileType = sourcecode.swift; path = Cache.swift; sourceTree = "<group>"; };
		0000000000000000FE000006 /* Persistence.swift */ = {isa = PBXFileReference; lastKnownFileType = sourcecode.swift; path = Persistence.swift; sourceTree = "<group>"; };
		0000000000000000FE000007 /* User.swift */ = {isa = PBXFileReference; lastKnownFileType = sourcecode.swift; path = User.swift; sourceTree = "<group>"; };
		0000000000000000FE000008 /* Product.swift */ = {isa = PBXFileReference; lastKnownFileType = sourcecode.swift; path = Product.swift; sourceTree = "<group>"; };
		0000000000000000FE000009 /* Order.swift */ = {isa = PBXFileReference; lastKnownFileType = sourcecode.swift; path = Order.swift; sourceTree = "<group>"; };
		0000000000000000FE00000A /* LoginView.swift */ = {isa = PBXFileReference; lastKnownFileType = sourcecode.swift; path = LoginView.swift; sourceTree = "<group>"; };
		0000000000000000FE00000B /* SignUpView.swift */ = {isa = PBXFileReference; lastKnownFileType = sourcecode.swift; path = SignUpView.swift; sourceTree = "<group>"; };
		0000000000000000FE00000C /* AuthViewModel.swift */ = {isa = PBXFileReference; lastKnownFileType = sourcecode.swift; path = AuthViewModel.swift; sourceTree = "<group>"; };
		0000000000000000FE00000D /* ProductListView.swift */ = {isa = PBXFileReference; lastKnownFileType = sourcecode.swift; path = ProductListView.swift; sourceTree = "<group>"; };
		0000000000000000FE00000E /* ProductDetailView.swift */ = {isa = PBXFileReference; lastKnownFileType = sourcecode.swift; path = ProductDetailView.swift; sourceTree = "<group>"; };
		0000000000000000FE00000F /* CategoryView.swift */ = {isa = PBXFileReference; lastKnownFileType = sourcecode.swift; path = CategoryView.swift; sourceTree = "<group>"; };
		0000000000000000FE000010 /* CartView.swift */ = {isa = PBXFileReference; lastKnownFileType = sourcecode.swift; path = CartView.swift; sourceTree = "<group>"; };
		0000000000000000FE000011 /* CheckoutView.swift */ = {isa = PBXFileReference; lastKnownFileType = sourcecode.swift; path = CheckoutView.swift; sourceTree = "<group>"; };
		0000000000000000FE000012 /* String+Extensions.swift */ = {isa = PBXFileReference; lastKnownFileType = sourcecode.swift; path = "String+Extensions.swift"; sourceTree = "<group>"; };
		0000000000000000FE000013 /* Date+Extensions.swift */ = {isa = PBXFileReference; lastKnownFileType = sourcecode.swift; path = "Date+Extensions.swift"; sourceTree = "<group>"; };
		0000000000000000FE000014 /* Logger.swift */ = {isa = PBXFileReference; lastKnownFileType = sourcecode.swift; path = Logger.swift; sourceTree = "<group>"; };
		0000000000000000FE000015 /* Analytics.swift */ = {isa = PBXFileReference; lastKnownFileType = sourcecode.swift; path = Analytics.swift; sourceTree = "<group>"; };
		0000000000000000FE000016 /* Message.swift */ = {isa = PBXFileReference; lastKnownFileType = sourcecode.swift; path = Message.swift; sourceTree = "<group>"; };
		0000000000000000FE000017 /* Decoder.swift */ = {isa = PBXFileReference; lastKnownFileType = sourcecode.swift; path = Decoder.swift; sourceTree = "<group>"; };
		0000000000000000FE000018 /* Encoder.swift */ = {isa = PBXFileReference; lastKnownFileType = sourcecode.swift; path = Encoder.swift; sourceTree = "<group>"; };
		0000000000000000FE000019 /* user.pb.swift */ = {isa = PBXFileReference; lastKnownFileType = sourcecode.swift; path = user.pb.swift; sourceTree = "<group>"; };
		0000000000000000FE00001A /* product.pb.swift */ = {isa = PBXFileReference; lastKnownFileType = sourcecode.swift; path = product.pb.swift; sourceTree = "<group>"; };
		0000000000000000FE00001B /* Assets.swift */ = {isa = PBXFileReference; lastKnownFileType = sourcecode.swift; path = Assets.swift; sourceTree = "<group>"; };
/* End PBXFileReference section */

/* Begin PBXGroup section */
		0000000000000000FF00MAIN /* TestProject_CurrentApproach */ = {
			isa = PBXGroup;
			children = (
				0000000000000000FF000001 /* Networking */,
				0000000000000000FF000002 /* Storage */,
				0000000000000000FF000000 /* Models */,
				0000000000000000FF000003 /* Authentication */,
				0000000000000000FF000005 /* Catalog */,
				0000000000000000FF000004 /* Cart */,
				0000000000000000FF000006 /* Extensions */,
				0000000000000000FF000007 /* Helpers */,
			);
			sourceTree = "<group>";
		};
		0000000000000000FF000000 /* Models */ = {
			isa = PBXGroup;
			children = (
				0000000000000000FE000007 /* User.swift */,
				0000000000000000FE000008 /* Product.swift */,
				0000000000000000FE000009 /* Order.swift */,
			);
			path = Models;
			sourceTree = "<group>";
		};
		0000000000000000FF000001 /* Networking */ = {
			isa = PBXGroup;
			children = (
				0000000000000000FE000000 /* HTTPClient.swift */,
				0000000000000000FE000001 /* URLSessionManager.swift */,
				0000000000000000FE000002 /* RequestBuilder.swift */,
				0000000000000000FE000003 /* ResponseParser.swift */,
			);
			path = Networking;
			sourceTree = "<group>";
		};
		0000000000000000FF000002 /* Storage */ = {
			isa = PBXGroup;
			children = (
				0000000000000000FE000004 /* Database.swift */,
				0000000000000000FE000005 /* Cache.swift */,
				0000000000000000FE000006 /* Persistence.swift */,
			);
			path = Storage;
			sourceTree = "<group>";
		};
		0000000000000000FF000003 /* Authentication */ = {
			isa = PBXGroup;
			children = (
				0000000000000000FE00000A /* LoginView.swift */,
				0000000000000000FE00000B /* SignUpView.swift */,
				0000000000000000FE00000C /* AuthViewModel.swift */,
			);
			path = Authentication;
			sourceTree = "<group>";
		};
		0000000000000000FF000004 /* Cart */ = {
			isa = PBXGroup;
			children = (
				0000000000000000FE000010 /* CartView.swift */,
				0000000000000000FE000011 /* CheckoutView.swift */,
			);
			path = Cart;
			sourceTree = "<group>";
		};
		0000000000000000FF000005 /* Catalog */ = {
			isa = PBXGroup;
			children = (
				0000000000000000FE00000D /* ProductListView.swift */,
				0000000000000000FE00000E /* ProductDetailView.swift */,
				0000000000000000FE00000F /* CategoryView.swift */,
			);
			path = Catalog;
			sourceTree = "<group>";
		};
		0000000000000000FF000006 /* Extensions */ = {
			isa = PBXGroup;
			children = (
				0000000000000000FE000012 /* String+Extensions.swift */,
				0000000000000000FE000013 /* Date+Extensions.swift */,
			);
			path = Extensions;
			sourceTree = "<group>";
		};
		0000000000000000FF000007 /* Helpers */ = {
			isa = PBXGroup;
			children = (
				0000000000000000FE000014 /* Logger.swift */,
				0000000000000000FE000015 /* Analytics.swift */,
			);
			path = Helpers;
			sourceTree = "<group>";
		};
/* End PBXGroup section */

/* Begin PBXProject section */
		0000000000000000FFFFFFFF /* Project object */ = {
			isa = PBXProject;
			attributes = {
				BuildIndependentTargetsInParallel = 1;
				LastUpgradeCheck = 1500;
			};
			buildConfigurationList = 0000000000000000FFFFFFFE /* Build configuration list for PBXProject "TestProject_CurrentApproach" */;
			compatibilityVersion = "Xcode 13.0";
			developmentRegion = en;
			hasScannedForEncodings = 0;
			knownRegions = (
				en,
				Base,
			);
			mainGroup = 0000000000000000FF00MAIN /* TestProject_CurrentApproach */;
			projectDirPath = "";
			projectRoot = "";
			targets = (
			);
		};
/* End PBXProject section */

/* Begin XCBuildConfiguration section */
		0000000000000000FFFFFFFD /* Debug */ = {
			isa = XCBuildConfiguration;
			buildSettings = {
				ALWAYS_SEARCH_USER_PATHS = NO;
				CLANG_ANALYZER_NONNULL = YES;
				CLANG_ANALYZER_NUMBER_OBJECT_CONVERSION = YES_AGGRESSIVE;
				CLANG_CXX_LANGUAGE_STANDARD = "gnu++17";
				CLANG_ENABLE_MODULES = YES;
				CLANG_ENABLE_OBJC_ARC = YES;
				CLANG_ENABLE_OBJC_WEAK = YES;
				CLANG_WARN_BLOCK_CAPTURE_AUTORELEASING = YES;
				CLANG_WARN_BOOL_CONVERSION = YES;
				CLANG_WARN_COMMA = YES;
				CLANG_WARN_CONSTANT_CONVERSION = YES;
				CLANG_WARN_DEPRECATED_OBJC_IMPLEMENTATIONS = YES;
				CLANG_WARN_DIRECT_OBJC_ISA_USAGE = YES_ERROR;
				CLANG_WARN_DOCUMENTATION_COMMENTS = YES;
				CLANG_WARN_EMPTY_BODY = YES;
				CLANG_WARN_ENUM_CONVERSION = YES;
				CLANG_WARN_INFINITE_RECURSION = YES;
				CLANG_WARN_INT_CONVERSION = YES;
				CLANG_WARN_NON_LITERAL_NULL_CONVERSION = YES;
				CLANG_WARN_OBJC_IMPLICIT_RETAIN_SELF = YES;
				CLANG_WARN_OBJC_LITERAL_CONVERSION = YES;
				CLANG_WARN_OBJC_ROOT_CLASS = YES_ERROR;
				CLANG_WARN_QUOTED_INCLUDE_IN_FRAMEWORK_HEADER = YES;
				CLANG_WARN_RANGE_LOOP_ANALYSIS = YES;
				CLANG_WARN_STRICT_PROTOTYPES = YES;
				CLANG_WARN_SUSPICIOUS_MOVE = YES;
				CLANG_WARN_UNGUARDED_AVAILABILITY = YES_AGGRESSIVE;
				CLANG_WARN_UNREACHABLE_CODE = YES;
				CLANG_WARN__DUPLICATE_METHOD_MATCH = YES;
				COPY_PHASE_STRIP = NO;
				DEBUG_INFORMATION_FORMAT = dwarf;
				ENABLE_STRICT_OBJC_MSGSEND = YES;
				ENABLE_TESTABILITY = YES;
				GCC_C_LANGUAGE_STANDARD = gnu11;
				GCC_DYNAMIC_NO_PIC = NO;
				GCC_NO_COMMON_BLOCKS = YES;
				GCC_OPTIMIZATION_LEVEL = 0;
				GCC_PREPROCESSOR_DEFINITIONS = (
					"DEBUG=1",
					"$(inherited)",
				);
				GCC_WARN_64_TO_32_BIT_CONVERSION = YES;
				GCC_WARN_ABOUT_RETURN_TYPE = YES_ERROR;
				GCC_WARN_UNDECLARED_SELECTOR = YES;
				GCC_WARN_UNINITIALIZED_AUTOS = YES_AGGRESSIVE;
				GCC_WARN_UNUSED_FUNCTION = YES;
				GCC_WARN_UNUSED_VARIABLE = YES;
				IPHONEOS_DEPLOYMENT_TARGET = 15.0;
				MTL_ENABLE_DEBUG_INFO = INCLUDE_SOURCE;
				MTL_FAST_MATH = YES;
				ONLY_ACTIVE_ARCH = YES;
				SWIFT_ACTIVE_COMPILATION_CONDITIONS = DEBUG;
				SWIFT_OPTIMIZATION_LEVEL = "-Onone";
			};
			name = Debug;
		};
/* End XCBuildConfiguration section */

/* Begin XCConfigurationList section */
		0000000000000000FFFFFFFE /* Build configuration list for PBXProject "TestProject_CurrentApproach" */ = {
			isa = XCConfigurationList;
			buildConfigurations = (
				0000000000000000FFFFFFFD /* Debug */,
			);
			defaultConfigurationIsVisible = 0;
			defaultConfigurationName = Debug;
		};
/* End XCConfigurationList section */
	};
	rootObject = 0000000000000000FFFFFFFF /* Project object */;
}
