// !$*UTF8*$!
{
	archiveVersion = 1;
	classes = {
	};
	objectVersion = 56;
	objects = {

/* Begin PBXFileReference section */
		FE964D842A78C65D509629DE /* File1.swift */ = {isa = PBXFileReference; lastKnownFileType = sourcecode.swift; path = File1.swift; sourceTree = "<group>"; };
		FEA697B1391D90058D98A7F8 /* File10.swift */ = {isa = PBXFileReference; lastKnownFileType = sourcecode.swift; path = File10.swift; sourceTree = "<group>"; };
		FE2C068372D92F1D3FEAA9DC /* File11.swift */ = {isa = PBXFileReference; lastKnownFileType = sourcecode.swift; path = File11.swift; sourceTree = "<group>"; };
		FEE0A8288762F5DF762C4B32 /* File12.swift */ = {isa = PBXFileReference; lastKnownFileType = sourcecode.swift; path = File12.swift; sourceTree = "<group>"; };
		FE38E8A273F073F8FCD6C33D /* File13.swift */ = {isa = PBXFileReference; lastKnownFileType = sourcecode.swift; path = File13.swift; sourceTree = "<group>"; };
		FEB50D94E303BB038CA2E232 /* File14.swift */ = {isa = PBXFileReference; lastKnownFileType = sourcecode.swift; path = File14.swift; sourceTree = "<group>"; };
		FEE9F7126569EE6B58564573 /* File15.swift */ = {isa = PBXFileReference; lastKnownFileType = sourcecode.swift; path = File15.swift; sourceTree = "<group>"; };
		FEA31DB5A677AD5D23CC0A4E /* File2.swift */ = {isa = PBXFileReference; lastKnownFileType = sourcecode.swift; path = File2.swift; sourceTree = "<group>"; };
		FE40494E6356241156E60039 /* File3.swift */ = {isa = PBXFileReference; lastKnownFileType = sourcecode.swift; path = File3.swift; sourceTree = "<group>"; };
		FED4E0E71E3ED8DC7555A545 /* File4.swift */ = {isa = PBXFileReference; lastKnownFileType = sourcecode.swift; path = File4.swift; sourceTree = "<group>"; };
		FEA7F53314AD04559D60BFDD /* File5.swift */ = {isa = PBXFileReference; lastKnownFileType = sourcecode.swift; path = File5.swift; sourceTree = "<group>"; };
		FE57A686D7E063CCB72DD0E4 /* File6.swift */ = {isa = PBXFileReference; lastKnownFileType = sourcecode.swift; path = File6.swift; sourceTree = "<group>"; };
		FE0DBB6D2C0EC8D1E6A5461B /* File7.swift */ = {isa = PBXFileReference; lastKnownFileType = sourcecode.swift; path = File7.swift; sourceTree = "<group>"; };
		FE523D3DFB4124639267BF45 /* File8.swift */ = {isa = PBXFileReference; lastKnownFileType = sourcecode.swift; path = File8.swift; sourceTree = "<group>"; };
		FE1048E54C0048DB55217D8F /* File9.swift */ = {isa = PBXFileReference; lastKnownFileType = sourcecode.swift; path = File9.swift; sourceTree = "<group>"; };
/* End PBXFileReference section */


/* Begin PBXGroup section */
		FF0000000000000000000003 /* TestProject */ = {
			isa = PBXGroup;
			children = (
				FE5A24D64BDC719FE7668B5D /* test_project */,
				FF0000000000000000000004 /* Products */,
			);
			name = TestProject;
			sourceTree = "<group>";
		};
		FE5A24D64BDC719FE7668B5D /* test_project */ = {
			isa = PBXGroup;
			children = (
				FED67FB2EB2FBBF761E30AD5 /* Sources */,
			);
			path = test_project;
			sourceTree = "<group>";
		};
		FED67FB2EB2FBBF761E30AD5 /* Sources */ = {
			isa = PBXGroup;
			children = (
				FE964D842A78C65D509629DE /* File1.swift */,
				FEA697B1391D90058D98A7F8 /* File10.swift */,
				FE2C068372D92F1D3FEAA9DC /* File11.swift */,
				FEE0A8288762F5DF762C4B32 /* File12.swift */,
				FE38E8A273F073F8FCD6C33D /* File13.swift */,
				FEB50D94E303BB038CA2E232 /* File14.swift */,
				FEE9F7126569EE6B58564573 /* File15.swift */,
				FEA31DB5A677AD5D23CC0A4E /* File2.swift */,
				FE40494E6356241156E60039 /* File3.swift */,
				FED4E0E71E3ED8DC7555A545 /* File4.swift */,
				FEA7F53314AD04559D60BFDD /* File5.swift */,
				FE57A686D7E063CCB72DD0E4 /* File6.swift */,
				FE0DBB6D2C0EC8D1E6A5461B /* File7.swift */,
				FE523D3DFB4124639267BF45 /* File8.swift */,
				FE1048E54C0048DB55217D8F /* File9.swift */
			);
			path = Sources;
			sourceTree = "<group>";
		};
		FF0000000000000000000004 /* Products */ = {
			isa = PBXGroup;
			children = (
			);
			name = Products;
			sourceTree = "<group>";
		};
/* End PBXGroup section */


/* Begin PBXProject section */
		FF0000000000000000000001 /* Project object */ = {
			isa = PBXProject;
			attributes = {
				LastUpgradeCheck = 1500;
			};
			buildConfigurationList = FF0000000000000000000002 /* Build configuration list for PBXProject "TestProject_Before" */;
			compatibilityVersion = "Xcode 14.0";
			developmentRegion = en;
			hasScannedForEncodings = 0;
			knownRegions = (
				Base,
				en,
			);
			mainGroup = FF0000000000000000000003 /* TestProject */;
			productRefGroup = FF0000000000000000000004 /* Products */;
			projectDirPath = "";
			projectRoot = "";
			targets = (
			);
		};
/* End PBXProject section */

/* Begin XCBuildConfiguration section */
		FF000000000000000000000201 /* Debug */ = {
			isa = XCBuildConfiguration;
			buildSettings = {
			};
			name = Debug;
		};
		FF000000000000000000000202 /* Release */ = {
			isa = XCBuildConfiguration;
			buildSettings = {
			};
			name = Release;
		};
/* End XCBuildConfiguration section */

/* Begin XCConfigurationList section */
		FF0000000000000000000002 /* Build configuration list for PBXProject "TestProject_Before" */ = {
			isa = XCConfigurationList;
			buildConfigurations = (
				FF000000000000000000000201 /* Debug */,
				FF000000000000000000000202 /* Release */,
			);
			defaultConfigurationIsVisible = 0;
			defaultConfigurationName = Release;
		};
/* End XCConfigurationList section */

	};
	rootObject = FF0000000000000000000001 /* Project object */;
}
